<?xml version="1.0" encoding="utf-8"?>
<Project ToolsVersion="4.0" xmlns="http://schemas.microsoft.com/developer/msbuild/2003">
  <ItemGroup>
    <Filter Include="源文件">
      <UniqueIdentifier>{4FC737F1-C7A5-4376-A066-2A32D752A2FF}</UniqueIdentifier>
      <Extensions>cpp;c;cc;cxx;def;odl;idl;hpj;bat;asm;asmx</Extensions>
    </Filter>
    <Filter Include="头文件">
      <UniqueIdentifier>{93995380-89BD-4b04-88EB-625FBE52EBFB}</UniqueIdentifier>
      <Extensions>h;hh;hpp;hxx;hm;inl;inc;ipp;xsd</Extensions>
    </Filter>
    <Filter Include="资源文件">
      <UniqueIdentifier>{67DA6AB6-F800-4c08-8B7A-83BB121AAD01}</UniqueIdentifier>
      <Extensions>rc;ico;cur;bmp;dlg;rc2;rct;bin;rgs;gif;jpg;jpeg;jpe;resx;tiff;tif;png;wav;mfcribbon-ms</Extensions>
    </Filter>
    <Filter Include="NetWork">
      <UniqueIdentifier>{d3393e57-7f42-4719-8852-023deb75ac84}</UniqueIdentifier>
    </Filter>
    <Filter Include="Dialog">
      <UniqueIdentifier>{69f4639e-f48c-4c29-9df9-f1c516368b57}</UniqueIdentifier>
    </Filter>
    <Filter Include="Util">
      <UniqueIdentifier>{e9055f5d-3c2a-46df-838d-f21380f99877}</UniqueIdentifier>
    </Filter>
    <Filter Include="Params">
      <UniqueIdentifier>{42a18ed0-da65-4449-8d1d-afa5f522ef24}</UniqueIdentifier>
    </Filter>
    <Filter Include="GameLogic">
      <UniqueIdentifier>{21ccbdbc-02a0-444b-8d56-0e7aeb4aa8be}</UniqueIdentifier>
    </Filter>
    <Filter Include="GameLogic\Map">
      <UniqueIdentifier>{444b0525-9a17-4d1f-84ee-1cdbce86b243}</UniqueIdentifier>
    </Filter>
  </ItemGroup>
  <ItemGroup>
    <ClInclude Include="DisasterClient_MFC.h">
      <Filter>头文件</Filter>
    </ClInclude>
    <ClInclude Include="framework.h">
      <Filter>头文件</Filter>
    </ClInclude>
    <ClInclude Include="targetver.h">
      <Filter>头文件</Filter>
    </ClInclude>
    <ClInclude Include="Resource.h">
      <Filter>头文件</Filter>
    </ClInclude>
    <ClInclude Include="pch.h">
      <Filter>头文件</Filter>
    </ClInclude>
    <ClInclude Include="ParamsManager.h">
      <Filter>Params</Filter>
    </ClInclude>
    <ClInclude Include="ParamDefine.h">
      <Filter>头文件</Filter>
    </ClInclude>
    <ClInclude Include="GameMapCity.h">
      <Filter>GameLogic\Map</Filter>
    </ClInclude>
    <ClInclude Include="DataDefine.h">
      <Filter>Util</Filter>
    </ClInclude>
    <ClInclude Include="DisasterClient_MFCDlg.h">
      <Filter>GameLogic\Map</Filter>
    </ClInclude>
    <ClInclude Include="CityOperaDialog.h">
      <Filter>GameLogic\Map</Filter>
    </ClInclude>
  </ItemGroup>
  <ItemGroup>
    <ClCompile Include="DisasterClient_MFC.cpp">
      <Filter>源文件</Filter>
    </ClCompile>
    <ClCompile Include="pch.cpp">
      <Filter>源文件</Filter>
    </ClCompile>
    <ClCompile Include="ParamsManager.cpp">
      <Filter>Params</Filter>
    </ClCompile>
    <ClCompile Include="GameMapCity.cpp">
      <Filter>GameLogic\Map</Filter>
    </ClCompile>
    <ClCompile Include="DisasterClient_MFCDlg.cpp">
      <Filter>GameLogic\Map</Filter>
    </ClCompile>
    <ClCompile Include="CityOperaDialog.cpp">
      <Filter>GameLogic\Map</Filter>
    </ClCompile>
  </ItemGroup>
  <ItemGroup>
    <ResourceCompile Include="DisasterClientMFC.rc">
      <Filter>资源文件</Filter>
    </ResourceCompile>
  </ItemGroup>
  <ItemGroup>
    <None Include="res\DisasterClientMFC.rc2">
      <Filter>资源文件</Filter>
    </None>
    <None Include="res\cbutton1.bin">
      <Filter>资源文件</Filter>
    </None>
  </ItemGroup>
  <ItemGroup>
    <Image Include="res\DisasterClient_MFC.ico">
      <Filter>资源文件</Filter>
    </Image>
  </ItemGroup>
</Project>